
Microsoft Visual Studio Solution File, Format Version 12.00
# Visual Studio Version 17
VisualStudioVersion = 17.3.32804.467
MinimumVisualStudioVersion = 10.0.40219.1
Project("{2150E333-8FDC-42A3-9474-1A3956D46DE8}") = "1 - Presentation", "1 - Presentation", "{9D5846A1-B010-4D6B-8970-F651624CE3CF}"
EndProject
Project("{2150E333-8FDC-42A3-9474-1A3956D46DE8}") = "2 - Services", "2 - Services", "{C9485A0D-2E05-4D19-AE1B-921A22C479A6}"
EndProject
Project("{2150E333-8FDC-42A3-9474-1A3956D46DE8}") = "3 - Application", "3 - Application", "{A91DD0B2-8595-458D-86D5-3BB58A8D5B46}"
EndProject
Project("{2150E333-8FDC-42A3-9474-1A3956D46DE8}") = "4 - Domain", "4 - Domain", "{3B136928-66D4-46BF-9853-17181AA576B9}"
EndProject
Project("{2150E333-8FDC-42A3-9474-1A3956D46DE8}") = "5 - Infra", "5 - Infra", "{8B3BAA1E-7E19-420B-9C73-8D31101B82FD}"
EndProject
Project("{9A19103F-16F7-4668-BE54-9A1E7A4F7556}") = "Proj4Me.Domain", "Proj4Me.Domain\Proj4Me.Domain.csproj", "{DD429B29-9D12-4CFA-9E14-F85F3C330842}"
EndProject
Project("{9A19103F-16F7-4668-BE54-9A1E7A4F7556}") = "Proj4Me.Domain.Core", "Proj4Me.Domain.Core\Proj4Me.Domain.Core.csproj", "{168DF758-FC06-495F-AA4F-B76FD9B3105F}"
EndProject
Project("{9A19103F-16F7-4668-BE54-9A1E7A4F7556}") = "ConsoleTesting", "ConsoleTesting\ConsoleTesting.csproj", "{2C60C9DC-0801-4B34-8D5E-59917F213130}"
EndProject
Project("{9A19103F-16F7-4668-BE54-9A1E7A4F7556}") = "Proj4Me.Infra.Data", "Proj4Me.Infra.Data\Proj4Me.Infra.Data.csproj", "{58579BA7-74C9-436E-89FF-03546F1BAFEC}"
EndProject
Project("{9A19103F-16F7-4668-BE54-9A1E7A4F7556}") = "Proj4Me.Web", "Proj4Me.Web\Proj4Me.Web.csproj", "{8B1BAF8E-5318-4C6C-9701-B8907B73599C}"
EndProject
Project("{9A19103F-16F7-4668-BE54-9A1E7A4F7556}") = "Proj4Me.Application", "Proj4Me.Application\Proj4Me.Application.csproj", "{6103F5A6-7982-4981-BA65-516295FC797A}"
EndProject
Project("{2150E333-8FDC-42A3-9474-1A3956D46DE8}") = "5.1 - Data", "5.1 - Data", "{45E68D7E-AAAD-4AF9-9482-5FA02A9C585E}"
EndProject
Project("{2150E333-8FDC-42A3-9474-1A3956D46DE8}") = "5.2 - Crosscutting", "5.2 - Crosscutting", "{E6551035-A1B3-4817-A26E-82B654100A2B}"
EndProject
Project("{9A19103F-16F7-4668-BE54-9A1E7A4F7556}") = "Proj4Me.Infra.CrossCutting.IoC", "Proj4Me.Infra.CrossCutting.IoC\Proj4Me.Infra.CrossCutting.IoC.csproj", "{5099399A-CD1A-45F4-92FD-0017BF616528}"
EndProject
Project("{9A19103F-16F7-4668-BE54-9A1E7A4F7556}") = "Proj4Me.Infra.CrossCutting.Bus", "Proj4Me.Infra.CrossCutting.Bus\Proj4Me.Infra.CrossCutting.Bus.csproj", "{7BE80B5F-CAA0-4F75-B1E5-09FA6920C1C9}"
EndProject
Project("{2150E333-8FDC-42A3-9474-1A3956D46DE8}") = "5.3 - Service", "5.3 - Service", "{EA20D90F-C16F-4C7B-A5F7-8E2ECEAC3C0E}"
EndProject
Project("{9A19103F-16F7-4668-BE54-9A1E7A4F7556}") = "Proj4Me.Infra.Service", "Proj4Me.Infra.Service\Proj4Me.Infra.Service.csproj", "{2E00A1CE-B730-46D4-AA68-23928120E7B7}"
EndProject
Project("{9A19103F-16F7-4668-BE54-9A1E7A4F7556}") = "Proj4Me.Infra.CrossCutting.Identity", "Proj4Me.Infra.CrossCutting.Identity\Proj4Me.Infra.CrossCutting.Identity.csproj", "{772B1C50-1F49-4CF6-BD47-DE722A0D1A16}"
EndProject
Global
	GlobalSection(SolutionConfigurationPlatforms) = preSolution
		Debug|Any CPU = Debug|Any CPU
		Release|Any CPU = Release|Any CPU
	EndGlobalSection
	GlobalSection(ProjectConfigurationPlatforms) = postSolution
		{DD429B29-9D12-4CFA-9E14-F85F3C330842}.Debug|Any CPU.ActiveCfg = Debug|Any CPU
		{DD429B29-9D12-4CFA-9E14-F85F3C330842}.Debug|Any CPU.Build.0 = Debug|Any CPU
		{DD429B29-9D12-4CFA-9E14-F85F3C330842}.Release|Any CPU.ActiveCfg = Release|Any CPU
		{DD429B29-9D12-4CFA-9E14-F85F3C330842}.Release|Any CPU.Build.0 = Release|Any CPU
		{168DF758-FC06-495F-AA4F-B76FD9B3105F}.Debug|Any CPU.ActiveCfg = Debug|Any CPU
		{168DF758-FC06-495F-AA4F-B76FD9B3105F}.Debug|Any CPU.Build.0 = Debug|Any CPU
		{168DF758-FC06-495F-AA4F-B76FD9B3105F}.Release|Any CPU.ActiveCfg = Release|Any CPU
		{168DF758-FC06-495F-AA4F-B76FD9B3105F}.Release|Any CPU.Build.0 = Release|Any CPU
		{2C60C9DC-0801-4B34-8D5E-59917F213130}.Debug|Any CPU.ActiveCfg = Debug|Any CPU
		{2C60C9DC-0801-4B34-8D5E-59917F213130}.Debug|Any CPU.Build.0 = Debug|Any CPU
		{2C60C9DC-0801-4B34-8D5E-59917F213130}.Release|Any CPU.ActiveCfg = Release|Any CPU
		{2C60C9DC-0801-4B34-8D5E-59917F213130}.Release|Any CPU.Build.0 = Release|Any CPU
		{58579BA7-74C9-436E-89FF-03546F1BAFEC}.Debug|Any CPU.ActiveCfg = Debug|Any CPU
		{58579BA7-74C9-436E-89FF-03546F1BAFEC}.Debug|Any CPU.Build.0 = Debug|Any CPU
		{58579BA7-74C9-436E-89FF-03546F1BAFEC}.Release|Any CPU.ActiveCfg = Release|Any CPU
		{58579BA7-74C9-436E-89FF-03546F1BAFEC}.Release|Any CPU.Build.0 = Release|Any CPU
		{8B1BAF8E-5318-4C6C-9701-B8907B73599C}.Debug|Any CPU.ActiveCfg = Debug|Any CPU
		{8B1BAF8E-5318-4C6C-9701-B8907B73599C}.Debug|Any CPU.Build.0 = Debug|Any CPU
		{8B1BAF8E-5318-4C6C-9701-B8907B73599C}.Release|Any CPU.ActiveCfg = Release|Any CPU
		{8B1BAF8E-5318-4C6C-9701-B8907B73599C}.Release|Any CPU.Build.0 = Release|Any CPU
		{6103F5A6-7982-4981-BA65-516295FC797A}.Debug|Any CPU.ActiveCfg = Debug|Any CPU
		{6103F5A6-7982-4981-BA65-516295FC797A}.Debug|Any CPU.Build.0 = Debug|Any CPU
		{6103F5A6-7982-4981-BA65-516295FC797A}.Release|Any CPU.ActiveCfg = Release|Any CPU
		{6103F5A6-7982-4981-BA65-516295FC797A}.Release|Any CPU.Build.0 = Release|Any CPU
		{5099399A-CD1A-45F4-92FD-0017BF616528}.Debug|Any CPU.ActiveCfg = Debug|Any CPU
		{5099399A-CD1A-45F4-92FD-0017BF616528}.Debug|Any CPU.Build.0 = Debug|Any CPU
		{5099399A-CD1A-45F4-92FD-0017BF616528}.Release|Any CPU.ActiveCfg = Release|Any CPU
		{5099399A-CD1A-45F4-92FD-0017BF616528}.Release|Any CPU.Build.0 = Release|Any CPU
		{7BE80B5F-CAA0-4F75-B1E5-09FA6920C1C9}.Debug|Any CPU.ActiveCfg = Debug|Any CPU
		{7BE80B5F-CAA0-4F75-B1E5-09FA6920C1C9}.Debug|Any CPU.Build.0 = Debug|Any CPU
		{7BE80B5F-CAA0-4F75-B1E5-09FA6920C1C9}.Release|Any CPU.ActiveCfg = Release|Any CPU
		{7BE80B5F-CAA0-4F75-B1E5-09FA6920C1C9}.Release|Any CPU.Build.0 = Release|Any CPU
		{2E00A1CE-B730-46D4-AA68-23928120E7B7}.Debug|Any CPU.ActiveCfg = Debug|Any CPU
		{2E00A1CE-B730-46D4-AA68-23928120E7B7}.Debug|Any CPU.Build.0 = Debug|Any CPU
		{2E00A1CE-B730-46D4-AA68-23928120E7B7}.Release|Any CPU.ActiveCfg = Release|Any CPU
		{2E00A1CE-B730-46D4-AA68-23928120E7B7}.Release|Any CPU.Build.0 = Release|Any CPU
		{772B1C50-1F49-4CF6-BD47-DE722A0D1A16}.Debug|Any CPU.ActiveCfg = Debug|Any CPU
		{772B1C50-1F49-4CF6-BD47-DE722A0D1A16}.Debug|Any CPU.Build.0 = Debug|Any CPU
		{772B1C50-1F49-4CF6-BD47-DE722A0D1A16}.Release|Any CPU.ActiveCfg = Release|Any CPU
		{772B1C50-1F49-4CF6-BD47-DE722A0D1A16}.Release|Any CPU.Build.0 = Release|Any CPU
	EndGlobalSection
	GlobalSection(SolutionProperties) = preSolution
		HideSolutionNode = FALSE
	EndGlobalSection
	GlobalSection(NestedProjects) = preSolution
		{DD429B29-9D12-4CFA-9E14-F85F3C330842} = {3B136928-66D4-46BF-9853-17181AA576B9}
		{168DF758-FC06-495F-AA4F-B76FD9B3105F} = {3B136928-66D4-46BF-9853-17181AA576B9}
		{2C60C9DC-0801-4B34-8D5E-59917F213130} = {3B136928-66D4-46BF-9853-17181AA576B9}
		{58579BA7-74C9-436E-89FF-03546F1BAFEC} = {45E68D7E-AAAD-4AF9-9482-5FA02A9C585E}
		{8B1BAF8E-5318-4C6C-9701-B8907B73599C} = {9D5846A1-B010-4D6B-8970-F651624CE3CF}
		{6103F5A6-7982-4981-BA65-516295FC797A} = {A91DD0B2-8595-458D-86D5-3BB58A8D5B46}
		{45E68D7E-AAAD-4AF9-9482-5FA02A9C585E} = {8B3BAA1E-7E19-420B-9C73-8D31101B82FD}
		{E6551035-A1B3-4817-A26E-82B654100A2B} = {8B3BAA1E-7E19-420B-9C73-8D31101B82FD}
		{5099399A-CD1A-45F4-92FD-0017BF616528} = {E6551035-A1B3-4817-A26E-82B654100A2B}
		{7BE80B5F-CAA0-4F75-B1E5-09FA6920C1C9} = {E6551035-A1B3-4817-A26E-82B654100A2B}
		{EA20D90F-C16F-4C7B-A5F7-8E2ECEAC3C0E} = {8B3BAA1E-7E19-420B-9C73-8D31101B82FD}
		{2E00A1CE-B730-46D4-AA68-23928120E7B7} = {EA20D90F-C16F-4C7B-A5F7-8E2ECEAC3C0E}
		{772B1C50-1F49-4CF6-BD47-DE722A0D1A16} = {E6551035-A1B3-4817-A26E-82B654100A2B}
	EndGlobalSection
	GlobalSection(ExtensibilityGlobals) = postSolution
		SolutionGuid = {9BDAED4E-739C-4461-9C8C-5FA0DDDE40F8}
	EndGlobalSection
EndGlobal
